
Microsoft Visual Studio Solution File, Format Version 12.00
# Visual Studio Version 16
VisualStudioVersion = 16.0.32630.194
MinimumVisualStudioVersion = 10.0.40219.1
Project("{FAE04EC0-301F-11D3-BF4B-00C04F79EFBC}") = "WebAPI_db", "WebAPI_db\WebAPI_db.csproj", "{0D5FA06A-8DE1-443E-AA0B-02863ECEEEBE}"
EndProject
Global
	GlobalSection(SolutionConfigurationPlatforms) = preSolution
		Debug|Any CPU = Debug|Any CPU
		Release|Any CPU = Release|Any CPU
	EndGlobalSection
	GlobalSection(ProjectConfigurationPlatforms) = postSolution
		{0D5FA06A-8DE1-443E-AA0B-02863ECEEEBE}.Debug|Any CPU.ActiveCfg = Debug|Any CPU
		{0D5FA06A-8DE1-443E-AA0B-02863ECEEEBE}.Debug|Any CPU.Build.0 = Debug|Any CPU
		{0D5FA06A-8DE1-443E-AA0B-02863ECEEEBE}.Release|Any CPU.ActiveCfg = Release|Any CPU
		{0D5FA06A-8DE1-443E-AA0B-02863ECEEEBE}.Release|Any CPU.Build.0 = Release|Any CPU
	EndGlobalSection
	GlobalSection(SolutionProperties) = preSolution
		HideSolutionNode = FALSE
	EndGlobalSection
	GlobalSection(ExtensibilityGlobals) = postSolution
		SolutionGuid = {A5FC9D00-ABAB-4BDD-A783-ACE556C5622D}
	EndGlobalSection
EndGlobal
